{
  "version": 4,
  "terraform_version": "1.9.4",
  "serial": 10,
  "lineage": "b744b79c-d619-1d7b-464e-e5f6de6fc488",
  "outputs": {
    "random_code_output": {
      "value": "3lytk",
      "type": "string"
    }
  },
  "resources": [
    {
      "mode": "managed",
      "type": "local_file",
      "name": "random_code",
      "provider": "provider[\"registry.terraform.io/hashicorp/local\"]",
      "instances": [
        {
          "schema_version": 0,
          "attributes": {
            "content": "3lytk",
            "content_base64": null,
            "content_base64sha256": "ksLc5EfjvNveeZMrE1QFmogvjTqUOGg134/DiIKb6jc=",
            "content_base64sha512": "ehB6kzhvwbjBJTbeotr1qvPzp904XZT2Rj9oPVxhkLZNUb9W0BXJ3fWApP2V11re+6v/TXgvle1JK/tqZjoFeA==",
            "content_md5": "7483e580ede0de9c6c6ff09e8508c138",
            "content_sha1": "4cd0e08185c9994905c633f218d9614e87025d96",
            "content_sha256": "92c2dce447e3bcdbde79932b1354059a882f8d3a94386835df8fc388829bea37",
            "content_sha512": "7a107a93386fc1b8c12536dea2daf5aaf3f3a7dd385d94f6463f683d5c6190b64d51bf56d015c9ddf580a4fd95d75adefbabff4d782f95ed492bfb6a663a0578",
            "directory_permission": "0777",
            "file_permission": "0700",
            "filename": "/Users/ray/Desktop/code/terafform-template/output-attribute/file/random1.txt",
            "id": "4cd0e08185c9994905c633f218d9614e87025d96",
            "sensitive_content": null,
            "source": null
          },
          "sensitive_attributes": [
            [
              {
                "type": "get_attr",
                "value": "sensitive_content"
              }
            ]
          ],
          "dependencies": [
            "random_string.random_code"
          ]
        }
      ]
    },
    {
      "mode": "managed",
      "type": "local_file",
      "name": "random_code2",
      "provider": "provider[\"registry.terraform.io/hashicorp/local\"]",
      "instances": [
        {
          "schema_version": 0,
          "attributes": {
            "content": "3lytk",
            "content_base64": null,
            "content_base64sha256": "ksLc5EfjvNveeZMrE1QFmogvjTqUOGg134/DiIKb6jc=",
            "content_base64sha512": "ehB6kzhvwbjBJTbeotr1qvPzp904XZT2Rj9oPVxhkLZNUb9W0BXJ3fWApP2V11re+6v/TXgvle1JK/tqZjoFeA==",
            "content_md5": "7483e580ede0de9c6c6ff09e8508c138",
            "content_sha1": "4cd0e08185c9994905c633f218d9614e87025d96",
            "content_sha256": "92c2dce447e3bcdbde79932b1354059a882f8d3a94386835df8fc388829bea37",
            "content_sha512": "7a107a93386fc1b8c12536dea2daf5aaf3f3a7dd385d94f6463f683d5c6190b64d51bf56d015c9ddf580a4fd95d75adefbabff4d782f95ed492bfb6a663a0578",
            "directory_permission": "0777",
            "file_permission": "0700",
            "filename": "/Users/ray/Desktop/code/terafform-template/output-attribute/file/random2.txt",
            "id": "4cd0e08185c9994905c633f218d9614e87025d96",
            "sensitive_content": null,
            "source": null
          },
          "sensitive_attributes": [
            [
              {
                "type": "get_attr",
                "value": "sensitive_content"
              }
            ]
          ],
          "dependencies": [
            "random_string.random_code"
          ]
        }
      ]
    },
    {
      "mode": "managed",
      "type": "random_string",
      "name": "random_code",
      "provider": "provider[\"registry.terraform.io/hashicorp/random\"]",
      "instances": [
        {
          "schema_version": 2,
          "attributes": {
            "id": "3lytk",
            "keepers": null,
            "length": 5,
            "lower": true,
            "min_lower": 0,
            "min_numeric": 0,
            "min_special": 0,
            "min_upper": 0,
            "number": true,
            "numeric": true,
            "override_special": null,
            "result": "3lytk",
            "special": false,
            "upper": false
          },
          "sensitive_attributes": []
        }
      ]
    }
  ],
  "check_results": null
}
